
Microsoft Visual Studio Solution File, Format Version 12.00
# Visual Studio 15
Project("{FAE04EC0-301F-11D3-BF4B-00C04F79EFBC}") = "Assembly-CSharp", "Assembly-CSharp.csproj", "{C53B5877-0F96-F45B-8438-5A81380CFE5B}"
EndProject
Project("{FAE04EC0-301F-11D3-BF4B-00C04F79EFBC}") = "Assembly-CSharp-Editor", "Assembly-CSharp-Editor.csproj", "{75A2D619-BB9D-D7FA-86CE-FDD821F395DB}"
EndProject
Global
	GlobalSection(SolutionConfigurationPlatforms) = preSolution
		Debug|Any CPU = Debug|Any CPU
		Release|Any CPU = Release|Any CPU
	EndGlobalSection
	GlobalSection(ProjectConfigurationPlatforms) = postSolution
		{C53B5877-0F96-F45B-8438-5A81380CFE5B}.Debug|Any CPU.ActiveCfg = Debug|Any CPU
		{C53B5877-0F96-F45B-8438-5A81380CFE5B}.Debug|Any CPU.Build.0 = Debug|Any CPU
		{C53B5877-0F96-F45B-8438-5A81380CFE5B}.Release|Any CPU.ActiveCfg = Release|Any CPU
		{C53B5877-0F96-F45B-8438-5A81380CFE5B}.Release|Any CPU.Build.0 = Release|Any CPU
		{75A2D619-BB9D-D7FA-86CE-FDD821F395DB}.Debug|Any CPU.ActiveCfg = Debug|Any CPU
		{75A2D619-BB9D-D7FA-86CE-FDD821F395DB}.Debug|Any CPU.Build.0 = Debug|Any CPU
		{75A2D619-BB9D-D7FA-86CE-FDD821F395DB}.Release|Any CPU.ActiveCfg = Release|Any CPU
		{75A2D619-BB9D-D7FA-86CE-FDD821F395DB}.Release|Any CPU.Build.0 = Release|Any CPU
	EndGlobalSection
	GlobalSection(SolutionProperties) = preSolution
		HideSolutionNode = FALSE
	EndGlobalSection
EndGlobal
